<?xml version="1.0" encoding="utf-8"?>
<Project ToolsVersion="4.0" xmlns="http://schemas.microsoft.com/developer/msbuild/2003">
  <ItemGroup>
    <Filter Include="Source Files">
      <UniqueIdentifier>{4FC737F1-C7A5-4376-A066-2A32D752A2FF}</UniqueIdentifier>
      <Extensions>cpp;c;cc;cxx;c++;cppm;ixx;def;odl;idl;hpj;bat;asm;asmx</Extensions>
    </Filter>
    <Filter Include="Header Files">
      <UniqueIdentifier>{93995380-89BD-4b04-88EB-625FBE52EBFB}</UniqueIdentifier>
      <Extensions>h;hh;hpp;hxx;h++;hm;inl;inc;ipp;xsd</Extensions>
    </Filter>
    <Filter Include="Resource Files">
      <UniqueIdentifier>{67DA6AB6-F800-4c08-8B7A-83BB121AAD01}</UniqueIdentifier>
      <Extensions>rc;ico;cur;bmp;dlg;rc2;rct;bin;rgs;gif;jpg;jpeg;jpe;resx;tiff;tif;png;wav;mfcribbon-ms</Extensions>
    </Filter>
  </ItemGroup>
  <ItemGroup>
    <ClInclude Include="src\Evergreen\Core.h">
      <Filter>Header Files</Filter>
    </ClInclude>
    <ClInclude Include="src\Evergreen\Application.h">
      <Filter>Header Files</Filter>
    </ClInclude>
    <ClInclude Include="src\Evergreen.h">
      <Filter>Header Files</Filter>
    </ClInclude>
    <ClInclude Include="src\Evergreen\EntryPoint.h">
      <Filter>Header Files</Filter>
    </ClInclude>
    <ClInclude Include="src\Evergreen\Log.h">
      <Filter>Header Files</Filter>
    </ClInclude>
    <ClInclude Include="src\Evergreen\Events\Event.h">
      <Filter>Header Files</Filter>
    </ClInclude>
    <ClInclude Include="src\Evergreen\Events\ApplicationEvent.h">
      <Filter>Header Files</Filter>
    </ClInclude>
    <ClInclude Include="src\Evergreen\Events\KeyEvent.h">
      <Filter>Header Files</Filter>
    </ClInclude>
    <ClInclude Include="src\Evergreen\Events\MouseEvent.h">
      <Filter>Header Files</Filter>
    </ClInclude>
    <ClInclude Include="src\pch.h">
      <Filter>Header Files</Filter>
    </ClInclude>
    <ClInclude Include="src\Evergreen\Window\Window.h">
      <Filter>Header Files</Filter>
    </ClInclude>
    <ClInclude Include="src\Evergreen\Window\WindowTemplate.h">
      <Filter>Header Files</Filter>
    </ClInclude>
    <ClInclude Include="src\Evergreen\Exceptions\BaseException.h">
      <Filter>Header Files</Filter>
    </ClInclude>
    <ClInclude Include="src\Evergreen\Exceptions\WindowException.h">
      <Filter>Header Files</Filter>
    </ClInclude>
    <ClInclude Include="src\Evergreen\Window\WindowsMessageMap.h">
      <Filter>Header Files</Filter>
    </ClInclude>
    <ClInclude Include="src\Evergreen\Window\WindowProperties.h">
      <Filter>Header Files</Filter>
    </ClInclude>
    <ClInclude Include="src\Evergreen\Events\KeyCode.h">
      <Filter>Header Files</Filter>
    </ClInclude>
    <ClInclude Include="src\Evergreen\Events\MouseButton.h">
      <Filter>Header Files</Filter>
    </ClInclude>
    <ClInclude Include="src\Evergreen\Rendering\DX11\DeviceResourcesDX11.h">
      <Filter>Header Files</Filter>
    </ClInclude>
    <ClInclude Include="src\Evergreen\Exceptions\DeviceResourcesException.h">
      <Filter>Header Files</Filter>
    </ClInclude>
    <ClInclude Include="src\Evergreen\Rendering\DX11\DeviceResourcesExceptionDX11.h">
      <Filter>Header Files</Filter>
    </ClInclude>
    <ClInclude Include="src\Evergreen\Rendering\DX11\DxgiInfoManagerDX11.h">
      <Filter>Header Files</Filter>
    </ClInclude>
    <ClInclude Include="src\Evergreen\Rendering\DX11\DX11Helper.h">
      <Filter>Header Files</Filter>
    </ClInclude>
    <ClInclude Include="src\Evergreen\UI\Layout.h">
      <Filter>Header Files</Filter>
    </ClInclude>
    <ClInclude Include="src\Evergreen\UI\Color.h">
      <Filter>Header Files</Filter>
    </ClInclude>
    <ClInclude Include="src\Evergreen\UI\UI.h">
      <Filter>Header Files</Filter>
    </ClInclude>
    <ClInclude Include="src\Evergreen\Rendering\DeviceResources.h">
      <Filter>Header Files</Filter>
    </ClInclude>
    <ClInclude Include="src\Evergreen\Window\TranslateErrorCode.h">
      <Filter>Header Files</Filter>
    </ClInclude>
    <ClInclude Include="src\Evergreen\UI\Controls\Control.h">
      <Filter>Header Files</Filter>
    </ClInclude>
    <ClInclude Include="src\Evergreen\UI\Controls\Text.h">
      <Filter>Header Files</Filter>
    </ClInclude>
    <ClInclude Include="src\Evergreen\UI\Styles\TextStyle.h">
      <Filter>Header Files</Filter>
    </ClInclude>
    <ClInclude Include="src\Evergreen\UI\Styles\FontFamily.h">
      <Filter>Header Files</Filter>
    </ClInclude>
    <ClInclude Include="src\Evergreen\UI\ControlLoaders\ControlLoader.h">
      <Filter>Header Files</Filter>
    </ClInclude>
    <ClInclude Include="src\Evergreen\UI\ControlLoaders\TextLoader.h">
      <Filter>Header Files</Filter>
    </ClInclude>
    <ClInclude Include="src\Evergreen\UI\StyleLoaders\StyleLoader.h">
      <Filter>Header Files</Filter>
    </ClInclude>
    <ClInclude Include="src\Evergreen\UI\Styles\Style.h">
      <Filter>Header Files</Filter>
    </ClInclude>
    <ClInclude Include="src\Evergreen\UI\StyleLoaders\TextStyleLoader.h">
      <Filter>Header Files</Filter>
    </ClInclude>
    <ClInclude Include="src\Evergreen\Utils\std_format_specializations.h">
      <Filter>Header Files</Filter>
    </ClInclude>
    <ClInclude Include="src\Evergreen\UI\GlobalJsonData.h">
      <Filter>Header Files</Filter>
    </ClInclude>
    <ClInclude Include="src\Evergreen\UI\Colors\ColorBrush.h">
      <Filter>Header Files</Filter>
    </ClInclude>
    <ClInclude Include="src\Evergreen\UI\Colors\SolidColorBrush.h">
      <Filter>Header Files</Filter>
    </ClInclude>
    <ClInclude Include="src\Evergreen\UI\Colors\GradientBrush.h">
      <Filter>Header Files</Filter>
    </ClInclude>
    <ClInclude Include="src\Evergreen\UI\Colors\RadialBrush.h">
      <Filter>Header Files</Filter>
    </ClInclude>
    <ClInclude Include="src\Evergreen\UI\Colors\BitmapBrush.h">
      <Filter>Header Files</Filter>
    </ClInclude>
    <ClInclude Include="src\Evergreen\UI\Colors\Brushes.h">
      <Filter>Header Files</Filter>
    </ClInclude>
    <ClInclude Include="src\Evergreen\UI\ColorHelper.h">
      <Filter>Header Files</Filter>
    </ClInclude>
    <ClInclude Include="src\Evergreen\UI\BrushLoaders\BrushLoader.h">
      <Filter>Header Files</Filter>
    </ClInclude>
    <ClInclude Include="src\Evergreen\UI\BrushLoaders\SolidColorBrushLoader.h">
      <Filter>Header Files</Filter>
    </ClInclude>
    <ClInclude Include="src\Evergreen\UI\BrushLoaders\GradientBrushLoader.h">
      <Filter>Header Files</Filter>
    </ClInclude>
  </ItemGroup>
  <ItemGroup>
    <ClCompile Include="src\Evergreen\Application.cpp">
      <Filter>Source Files</Filter>
    </ClCompile>
    <ClCompile Include="src\Evergreen\Log.cpp">
      <Filter>Source Files</Filter>
    </ClCompile>
    <ClCompile Include="src\pch.cpp">
      <Filter>Source Files</Filter>
    </ClCompile>
    <ClCompile Include="src\Evergreen\Window\Window.cpp">
      <Filter>Source Files</Filter>
    </ClCompile>
    <ClCompile Include="src\Evergreen\Exceptions\BaseException.cpp">
      <Filter>Source Files</Filter>
    </ClCompile>
    <ClCompile Include="src\Evergreen\Exceptions\WindowException.cpp">
      <Filter>Source Files</Filter>
    </ClCompile>
    <ClCompile Include="src\Evergreen\Window\WindowsMessageMap.cpp">
      <Filter>Source Files</Filter>
    </ClCompile>
    <ClCompile Include="src\Evergreen\Rendering\DX11\DeviceResourcesDX11.cpp">
      <Filter>Source Files</Filter>
    </ClCompile>
    <ClCompile Include="src\Evergreen\Exceptions\DeviceResourcesException.cpp">
      <Filter>Source Files</Filter>
    </ClCompile>
    <ClCompile Include="src\Evergreen\Rendering\DX11\DeviceResourcesExceptionDX11.cpp">
      <Filter>Source Files</Filter>
    </ClCompile>
    <ClCompile Include="src\Evergreen\Rendering\DX11\DxgiInfoManagerDX11.cpp">
      <Filter>Source Files</Filter>
    </ClCompile>
    <ClCompile Include="src\Evergreen\UI\Layout.cpp">
      <Filter>Source Files</Filter>
    </ClCompile>
    <ClCompile Include="src\Evergreen\UI\Color.cpp">
      <Filter>Source Files</Filter>
    </ClCompile>
    <ClCompile Include="src\Evergreen\UI\UI.cpp">
      <Filter>Source Files</Filter>
    </ClCompile>
    <ClCompile Include="src\Evergreen\Window\TranslateErrorCode.cpp">
      <Filter>Source Files</Filter>
    </ClCompile>
    <ClCompile Include="src\Evergreen\UI\Controls\Control.cpp">
      <Filter>Source Files</Filter>
    </ClCompile>
    <ClCompile Include="src\Evergreen\UI\Controls\Text.cpp">
      <Filter>Source Files</Filter>
    </ClCompile>
    <ClCompile Include="src\Evergreen\UI\Styles\TextStyle.cpp">
      <Filter>Source Files</Filter>
    </ClCompile>
    <ClCompile Include="src\Evergreen\UI\Styles\FontFamily.cpp">
      <Filter>Source Files</Filter>
    </ClCompile>
    <ClCompile Include="src\Evergreen\UI\ControlLoaders\ControlLoader.cpp">
      <Filter>Source Files</Filter>
    </ClCompile>
    <ClCompile Include="src\Evergreen\UI\ControlLoaders\TextLoader.cpp">
      <Filter>Source Files</Filter>
    </ClCompile>
    <ClCompile Include="src\Evergreen\UI\StyleLoaders\StyleLoader.cpp">
      <Filter>Source Files</Filter>
    </ClCompile>
    <ClCompile Include="src\Evergreen\UI\Styles\Style.cpp">
      <Filter>Source Files</Filter>
    </ClCompile>
    <ClCompile Include="src\Evergreen\UI\StyleLoaders\TextStyleLoader.cpp">
      <Filter>Source Files</Filter>
    </ClCompile>
    <ClCompile Include="src\Evergreen\UI\Colors\ColorBrush.cpp">
      <Filter>Source Files</Filter>
    </ClCompile>
    <ClCompile Include="src\Evergreen\UI\Colors\SolidColorBrush.cpp">
      <Filter>Source Files</Filter>
    </ClCompile>
    <ClCompile Include="src\Evergreen\UI\Colors\GradientBrush.cpp">
      <Filter>Source Files</Filter>
    </ClCompile>
    <ClCompile Include="src\Evergreen\UI\Colors\RadialBrush.cpp">
      <Filter>Source Files</Filter>
    </ClCompile>
    <ClCompile Include="src\Evergreen\UI\Colors\BitmapBrush.cpp">
      <Filter>Source Files</Filter>
    </ClCompile>
    <ClCompile Include="src\Evergreen\UI\ColorHelper.cpp">
      <Filter>Source Files</Filter>
    </ClCompile>
    <ClCompile Include="src\Evergreen\UI\BrushLoaders\BrushLoader.cpp">
      <Filter>Source Files</Filter>
    </ClCompile>
    <ClCompile Include="src\Evergreen\UI\BrushLoaders\SolidColorBrushLoader.cpp">
      <Filter>Source Files</Filter>
    </ClCompile>
    <ClCompile Include="src\Evergreen\UI\BrushLoaders\GradientBrushLoader.cpp">
      <Filter>Source Files</Filter>
    </ClCompile>
  </ItemGroup>
</Project>