<?xml version="1.0" encoding="utf-8"?>
<Project ToolsVersion="4.0" xmlns="http://schemas.microsoft.com/developer/msbuild/2003">
  <ItemGroup>
    <Filter Include="Source Files">
      <UniqueIdentifier>{4FC737F1-C7A5-4376-A066-2A32D752A2FF}</UniqueIdentifier>
      <Extensions>cpp;c;cc;cxx;c++;cppm;ixx;def;odl;idl;hpj;bat;asm;asmx</Extensions>
    </Filter>
    <Filter Include="Header Files">
      <UniqueIdentifier>{93995380-89BD-4b04-88EB-625FBE52EBFB}</UniqueIdentifier>
      <Extensions>h;hh;hpp;hxx;h++;hm;inl;inc;ipp;xsd</Extensions>
    </Filter>
    <Filter Include="Resource Files">
      <UniqueIdentifier>{67DA6AB6-F800-4c08-8B7A-83BB121AAD01}</UniqueIdentifier>
      <Extensions>rc;ico;cur;bmp;dlg;rc2;rct;bin;rgs;gif;jpg;jpeg;jpe;resx;tiff;tif;png;wav;mfcribbon-ms</Extensions>
    </Filter>
  </ItemGroup>
  <ItemGroup>
    <ClInclude Include="src\Evergreen\Core.h">
      <Filter>Header Files</Filter>
    </ClInclude>
    <ClInclude Include="src\Evergreen\Application.h">
      <Filter>Header Files</Filter>
    </ClInclude>
    <ClInclude Include="src\Evergreen.h">
      <Filter>Header Files</Filter>
    </ClInclude>
    <ClInclude Include="src\Evergreen\EntryPoint.h">
      <Filter>Header Files</Filter>
    </ClInclude>
    <ClInclude Include="src\Evergreen\Log.h">
      <Filter>Header Files</Filter>
    </ClInclude>
    <ClInclude Include="src\Evergreen\Events\Event.h">
      <Filter>Header Files</Filter>
    </ClInclude>
    <ClInclude Include="src\Evergreen\Events\ApplicationEvent.h">
      <Filter>Header Files</Filter>
    </ClInclude>
    <ClInclude Include="src\Evergreen\Events\KeyEvent.h">
      <Filter>Header Files</Filter>
    </ClInclude>
    <ClInclude Include="src\Evergreen\Events\MouseEvent.h">
      <Filter>Header Files</Filter>
    </ClInclude>
    <ClInclude Include="src\pch.h">
      <Filter>Header Files</Filter>
    </ClInclude>
    <ClInclude Include="src\Evergreen\Window\Window.h">
      <Filter>Header Files</Filter>
    </ClInclude>
    <ClInclude Include="src\Evergreen\Window\WindowTemplate.h">
      <Filter>Header Files</Filter>
    </ClInclude>
    <ClInclude Include="src\Evergreen\Exceptions\BaseException.h">
      <Filter>Header Files</Filter>
    </ClInclude>
    <ClInclude Include="src\Evergreen\Exceptions\WindowException.h">
      <Filter>Header Files</Filter>
    </ClInclude>
    <ClInclude Include="src\Evergreen\Window\WindowsMessageMap.h">
      <Filter>Header Files</Filter>
    </ClInclude>
    <ClInclude Include="src\Evergreen\Window\WindowProperties.h">
      <Filter>Header Files</Filter>
    </ClInclude>
    <ClInclude Include="src\Evergreen\Events\KeyCode.h">
      <Filter>Header Files</Filter>
    </ClInclude>
    <ClInclude Include="src\Evergreen\Events\MouseButton.h">
      <Filter>Header Files</Filter>
    </ClInclude>
    <ClInclude Include="src\Evergreen\Rendering\DX11\DeviceResourcesDX11.h">
      <Filter>Header Files</Filter>
    </ClInclude>
    <ClInclude Include="src\Evergreen\Exceptions\DeviceResourcesException.h">
      <Filter>Header Files</Filter>
    </ClInclude>
    <ClInclude Include="src\Evergreen\Rendering\DX11\DeviceResourcesExceptionDX11.h">
      <Filter>Header Files</Filter>
    </ClInclude>
    <ClInclude Include="src\Evergreen\Rendering\DX11\DxgiInfoManagerDX11.h">
      <Filter>Header Files</Filter>
    </ClInclude>
    <ClInclude Include="src\Evergreen\Rendering\DX11\DX11Helper.h">
      <Filter>Header Files</Filter>
    </ClInclude>
    <ClInclude Include="src\Evergreen\UI\Layout.h">
      <Filter>Header Files</Filter>
    </ClInclude>
    <ClInclude Include="src\Evergreen\UI\UI.h">
      <Filter>Header Files</Filter>
    </ClInclude>
    <ClInclude Include="src\Evergreen\Rendering\DeviceResources.h">
      <Filter>Header Files</Filter>
    </ClInclude>
    <ClInclude Include="src\Evergreen\Window\TranslateErrorCode.h">
      <Filter>Header Files</Filter>
    </ClInclude>
    <ClInclude Include="src\Evergreen\UI\Controls\Control.h">
      <Filter>Header Files</Filter>
    </ClInclude>
    <ClInclude Include="src\Evergreen\UI\Controls\Text.h">
      <Filter>Header Files</Filter>
    </ClInclude>
    <ClInclude Include="src\Evergreen\UI\Styles\TextStyle.h">
      <Filter>Header Files</Filter>
    </ClInclude>
    <ClInclude Include="src\Evergreen\UI\Utils\FontFamily.h">
      <Filter>Header Files</Filter>
    </ClInclude>
    <ClInclude Include="src\Evergreen\UI\JSONLoading\ControlLoaders\ControlLoader.h">
      <Filter>Header Files</Filter>
    </ClInclude>
    <ClInclude Include="src\Evergreen\UI\JSONLoading\ControlLoaders\TextLoader.h">
      <Filter>Header Files</Filter>
    </ClInclude>
    <ClInclude Include="src\Evergreen\UI\Styles\Style.h">
      <Filter>Header Files</Filter>
    </ClInclude>
    <ClInclude Include="src\Evergreen\UI\JSONLoading\StyleLoaders\TextStyleLoader.h">
      <Filter>Header Files</Filter>
    </ClInclude>
    <ClInclude Include="src\Evergreen\UI\Brushes\ColorBrush.h">
      <Filter>Header Files</Filter>
    </ClInclude>
    <ClInclude Include="src\Evergreen\UI\Brushes\SolidColorBrush.h">
      <Filter>Header Files</Filter>
    </ClInclude>
    <ClInclude Include="src\Evergreen\UI\Brushes\GradientBrush.h">
      <Filter>Header Files</Filter>
    </ClInclude>
    <ClInclude Include="src\Evergreen\UI\Brushes\RadialBrush.h">
      <Filter>Header Files</Filter>
    </ClInclude>
    <ClInclude Include="src\Evergreen\UI\Brushes\BitmapBrush.h">
      <Filter>Header Files</Filter>
    </ClInclude>
    <ClInclude Include="src\Evergreen\UI\Brushes.h">
      <Filter>Header Files</Filter>
    </ClInclude>
    <ClInclude Include="src\Evergreen\UI\Utils\ColorHelper.h">
      <Filter>Header Files</Filter>
    </ClInclude>
    <ClInclude Include="src\Evergreen\UI\JSONLoading\JSONLoaders.h">
      <Filter>Header Files</Filter>
    </ClInclude>
    <ClInclude Include="src\Evergreen\Exceptions\JSONLoadersException.h">
      <Filter>Header Files</Filter>
    </ClInclude>
    <ClInclude Include="src\Evergreen\UI\Controls\Button.h">
      <Filter>Header Files</Filter>
    </ClInclude>
    <ClInclude Include="src\Evergreen\UI\Controls\RoundedButton.h">
      <Filter>Header Files</Filter>
    </ClInclude>
    <ClInclude Include="src\Evergreen\UI\JSONLoading\ControlLoaders\ButtonLoader.h">
      <Filter>Header Files</Filter>
    </ClInclude>
    <ClInclude Include="src\Evergreen\UI\Controls.h">
      <Filter>Header Files</Filter>
    </ClInclude>
    <ClInclude Include="src\Evergreen\UI\JSONLoading\ControlLoaders\RoundedButtonLoader.h">
      <Filter>Header Files</Filter>
    </ClInclude>
    <ClInclude Include="src\Evergreen\UI\Controls\ScrollableLayout.h">
      <Filter>Header Files</Filter>
    </ClInclude>
    <ClInclude Include="src\Evergreen\UI\JSONLoading\ControlLoaders\ScrollableLayoutLoader.h">
      <Filter>Header Files</Filter>
    </ClInclude>
    <ClInclude Include="src\Evergreen\UI\Controls\TextInput.h">
      <Filter>Header Files</Filter>
    </ClInclude>
    <ClInclude Include="src\Evergreen\UI\JSONLoading\ControlLoaders\TextInputLoader.h">
      <Filter>Header Files</Filter>
    </ClInclude>
    <ClInclude Include="src\Evergreen\UI\Controls\Pane.h">
      <Filter>Header Files</Filter>
    </ClInclude>
    <ClInclude Include="src\Evergreen\UI\JSONLoading\ControlLoaders\PaneLoader.h">
      <Filter>Header Files</Filter>
    </ClInclude>
    <ClInclude Include="src\Evergreen\UI\Controls\SliderFloat.h">
      <Filter>Header Files</Filter>
    </ClInclude>
    <ClInclude Include="src\Evergreen\UI\JSONLoading\ControlLoaders\SliderFloatLoader.h">
      <Filter>Header Files</Filter>
    </ClInclude>
    <ClInclude Include="src\Evergreen\UI\Controls\SliderInt.h">
      <Filter>Header Files</Filter>
    </ClInclude>
    <ClInclude Include="src\Evergreen\UI\JSONLoading\ControlLoaders\SliderIntLoader.h">
      <Filter>Header Files</Filter>
    </ClInclude>
    <ClInclude Include="src\Evergreen\UI\Controls\RadioButton.h">
      <Filter>Header Files</Filter>
    </ClInclude>
    <ClInclude Include="src\Evergreen\UI\JSONLoading\ControlLoaders\RadioButtonLoader.h">
      <Filter>Header Files</Filter>
    </ClInclude>
    <ClInclude Include="src\Evergreen\UI\Controls\Viewport.h">
      <Filter>Header Files</Filter>
    </ClInclude>
    <ClInclude Include="src\Evergreen\UI\JSONLoading\ControlLoaders\ViewportLoader.h">
      <Filter>Header Files</Filter>
    </ClInclude>
    <ClInclude Include="src\Evergreen\Rendering\DX12\DeviceResourcesExceptionDX12.h">
      <Filter>Header Files</Filter>
    </ClInclude>
    <ClInclude Include="src\Evergreen\Rendering\DX12\DX12Helper.h">
      <Filter>Header Files</Filter>
    </ClInclude>
    <ClInclude Include="src\Evergreen\Rendering\DX12\DxgiInfoManagerDX12.h">
      <Filter>Header Files</Filter>
    </ClInclude>
    <ClInclude Include="src\Evergreen\Rendering\DX12\DeviceResourcesDX12.h">
      <Filter>Header Files</Filter>
    </ClInclude>
  </ItemGroup>
  <ItemGroup>
    <ClCompile Include="src\Evergreen\Application.cpp">
      <Filter>Source Files</Filter>
    </ClCompile>
    <ClCompile Include="src\Evergreen\Log.cpp">
      <Filter>Source Files</Filter>
    </ClCompile>
    <ClCompile Include="src\pch.cpp">
      <Filter>Source Files</Filter>
    </ClCompile>
    <ClCompile Include="src\Evergreen\Window\Window.cpp">
      <Filter>Source Files</Filter>
    </ClCompile>
    <ClCompile Include="src\Evergreen\Exceptions\BaseException.cpp">
      <Filter>Source Files</Filter>
    </ClCompile>
    <ClCompile Include="src\Evergreen\Exceptions\WindowException.cpp">
      <Filter>Source Files</Filter>
    </ClCompile>
    <ClCompile Include="src\Evergreen\Window\WindowsMessageMap.cpp">
      <Filter>Source Files</Filter>
    </ClCompile>
    <ClCompile Include="src\Evergreen\Rendering\DX11\DeviceResourcesDX11.cpp">
      <Filter>Source Files</Filter>
    </ClCompile>
    <ClCompile Include="src\Evergreen\Exceptions\DeviceResourcesException.cpp">
      <Filter>Source Files</Filter>
    </ClCompile>
    <ClCompile Include="src\Evergreen\Rendering\DX11\DeviceResourcesExceptionDX11.cpp">
      <Filter>Source Files</Filter>
    </ClCompile>
    <ClCompile Include="src\Evergreen\Rendering\DX11\DxgiInfoManagerDX11.cpp">
      <Filter>Source Files</Filter>
    </ClCompile>
    <ClCompile Include="src\Evergreen\UI\Layout.cpp">
      <Filter>Source Files</Filter>
    </ClCompile>
    <ClCompile Include="src\Evergreen\UI\UI.cpp">
      <Filter>Source Files</Filter>
    </ClCompile>
    <ClCompile Include="src\Evergreen\Window\TranslateErrorCode.cpp">
      <Filter>Source Files</Filter>
    </ClCompile>
    <ClCompile Include="src\Evergreen\UI\Controls\Control.cpp">
      <Filter>Source Files</Filter>
    </ClCompile>
    <ClCompile Include="src\Evergreen\UI\Controls\Text.cpp">
      <Filter>Source Files</Filter>
    </ClCompile>
    <ClCompile Include="src\Evergreen\UI\Styles\TextStyle.cpp">
      <Filter>Source Files</Filter>
    </ClCompile>
    <ClCompile Include="src\Evergreen\UI\Utils\FontFamily.cpp">
      <Filter>Source Files</Filter>
    </ClCompile>
    <ClCompile Include="src\Evergreen\UI\JSONLoading\ControlLoaders\ControlLoader.cpp">
      <Filter>Source Files</Filter>
    </ClCompile>
    <ClCompile Include="src\Evergreen\UI\JSONLoading\ControlLoaders\TextLoader.cpp">
      <Filter>Source Files</Filter>
    </ClCompile>
    <ClCompile Include="src\Evergreen\UI\Styles\Style.cpp">
      <Filter>Source Files</Filter>
    </ClCompile>
    <ClCompile Include="src\Evergreen\UI\JSONLoading\StyleLoaders\TextStyleLoader.cpp">
      <Filter>Source Files</Filter>
    </ClCompile>
    <ClCompile Include="src\Evergreen\UI\Brushes\ColorBrush.cpp">
      <Filter>Source Files</Filter>
    </ClCompile>
    <ClCompile Include="src\Evergreen\UI\Brushes\SolidColorBrush.cpp">
      <Filter>Source Files</Filter>
    </ClCompile>
    <ClCompile Include="src\Evergreen\UI\Brushes\GradientBrush.cpp">
      <Filter>Source Files</Filter>
    </ClCompile>
    <ClCompile Include="src\Evergreen\UI\Brushes\RadialBrush.cpp">
      <Filter>Source Files</Filter>
    </ClCompile>
    <ClCompile Include="src\Evergreen\UI\Brushes\BitmapBrush.cpp">
      <Filter>Source Files</Filter>
    </ClCompile>
    <ClCompile Include="src\Evergreen\UI\Utils\ColorHelper.cpp">
      <Filter>Source Files</Filter>
    </ClCompile>
    <ClCompile Include="src\Evergreen\UI\JSONLoading\JSONLoaders.cpp">
      <Filter>Source Files</Filter>
    </ClCompile>
    <ClCompile Include="src\Evergreen\Exceptions\JSONLoadersException.cpp">
      <Filter>Source Files</Filter>
    </ClCompile>
    <ClCompile Include="src\Evergreen\UI\Controls\Button.cpp">
      <Filter>Source Files</Filter>
    </ClCompile>
    <ClCompile Include="src\Evergreen\UI\Controls\RoundedButton.cpp">
      <Filter>Source Files</Filter>
    </ClCompile>
    <ClCompile Include="src\Evergreen\UI\JSONLoading\ControlLoaders\ButtonLoader.cpp">
      <Filter>Source Files</Filter>
    </ClCompile>
    <ClCompile Include="src\Evergreen\UI\JSONLoading\ControlLoaders\RoundedButtonLoader.cpp">
      <Filter>Source Files</Filter>
    </ClCompile>
    <ClCompile Include="src\Evergreen\UI\Controls\ScrollableLayout.cpp">
      <Filter>Source Files</Filter>
    </ClCompile>
    <ClCompile Include="src\Evergreen\UI\JSONLoading\ControlLoaders\ScrollableLayoutLoader.cpp">
      <Filter>Source Files</Filter>
    </ClCompile>
    <ClCompile Include="src\Evergreen\UI\Controls\TextInput.cpp">
      <Filter>Source Files</Filter>
    </ClCompile>
    <ClCompile Include="src\Evergreen\UI\JSONLoading\ControlLoaders\TextInputLoader.cpp">
      <Filter>Source Files</Filter>
    </ClCompile>
    <ClCompile Include="src\Evergreen\UI\Controls\Pane.cpp">
      <Filter>Source Files</Filter>
    </ClCompile>
    <ClCompile Include="src\Evergreen\UI\JSONLoading\ControlLoaders\PaneLoader.cpp">
      <Filter>Source Files</Filter>
    </ClCompile>
    <ClCompile Include="src\Evergreen\UI\Controls\SliderFloat.cpp">
      <Filter>Source Files</Filter>
    </ClCompile>
    <ClCompile Include="src\Evergreen\UI\JSONLoading\ControlLoaders\SliderFloatLoader.cpp">
      <Filter>Source Files</Filter>
    </ClCompile>
    <ClCompile Include="src\Evergreen\UI\Controls\SliderInt.cpp">
      <Filter>Source Files</Filter>
    </ClCompile>
    <ClCompile Include="src\Evergreen\UI\JSONLoading\ControlLoaders\SliderIntLoader.cpp">
      <Filter>Source Files</Filter>
    </ClCompile>
    <ClCompile Include="src\Evergreen\UI\Controls\RadioButton.cpp">
      <Filter>Source Files</Filter>
    </ClCompile>
    <ClCompile Include="src\Evergreen\UI\JSONLoading\ControlLoaders\RadioButtonLoader.cpp">
      <Filter>Source Files</Filter>
    </ClCompile>
    <ClCompile Include="src\Evergreen\UI\Controls\Viewport.cpp">
      <Filter>Source Files</Filter>
    </ClCompile>
    <ClCompile Include="src\Evergreen\UI\JSONLoading\ControlLoaders\ViewportLoader.cpp">
      <Filter>Source Files</Filter>
    </ClCompile>
    <ClCompile Include="src\Evergreen\Rendering\DX12\DeviceResourcesExceptionDX12.cpp">
      <Filter>Source Files</Filter>
    </ClCompile>
    <ClCompile Include="src\Evergreen\Rendering\DX12\DxgiInfoManagerDX12.cpp">
      <Filter>Source Files</Filter>
    </ClCompile>
    <ClCompile Include="src\Evergreen\Rendering\DX12\DeviceResourcesDX12.cpp">
      <Filter>Source Files</Filter>
    </ClCompile>
  </ItemGroup>
  <ItemGroup>
    <None Include="src\Evergreen\UI\json-examples\Brushes.json" />
    <None Include="src\Evergreen\UI\json-examples\Layout.json" />
    <None Include="src\Evergreen\UI\json-examples\Text.json" />
    <None Include="src\Evergreen\UI\json-examples\Button.json" />
    <None Include="src\Evergreen\UI\json-examples\import.json" />
    <None Include="src\Evergreen\UI\json-examples\Margin.json" />
    <None Include="src\Evergreen\UI\json-examples\RoundedButton.json" />
    <None Include="src\Evergreen\UI\json-examples\ScrollableLayout.json" />
    <None Include="src\Evergreen\UI\json-examples\TextInput.json" />
    <None Include="src\Evergreen\UI\json-examples\Pane.json" />
    <None Include="src\Evergreen\UI\json-examples\SliderFloat.json" />
    <None Include="src\Evergreen\UI\json-examples\SliderInt.json" />
    <None Include="src\Evergreen\UI\json-examples\RadioButton.json" />
    <None Include="src\Evergreen\UI\json-examples\Viewport.json" />
  </ItemGroup>
</Project>